filippo.io/edwards25519 v1.1.0 h1:FNf4tywRC1HmFuKW5xopWpigGjJKiJSV0Cqo0cJWDaA=
filippo.io/edwards25519 v1.1.0/go.mod h1:BxyFTGdWcka3PhytdK4V28tE5sGfRvvvRV7EaN4VDT4=
github.com/Mikaelemmmm/sql2pb v1.0.5 h1:fcDONfo61ybCnesg6pf/pm2JFyRhjTx41gwWSFUbCVg=
github.com/Mikaelemmmm/sql2pb v1.0.5/go.mod h1:+CygOSobbuqHs3MKDSE57tn/oP0LCBDPTZKnqppBod0=
github.com/chuckpreslar/inflect v0.0.0-20150228233301-423e3ac59c61 h1:p3YW8skKpechCIYMN6D26pCy+7hedHyAzpjqNQcuWFo=
github.com/chuckpreslar/inflect v0.0.0-20150228233301-423e3ac59c61/go.mod h1:EvGA6uaxT1pYJoxnnvkW+17PQ4wf02iLbBomS0vTkVU=
github.com/fsnotify/fsnotify v1.6.0 h1:n+5WquG0fcWoWp6xPWfHdbskMCQaFnG6PfBrh1Ky4HY=
github.com/fsnotify/fsnotify v1.6.0/go.mod h1:sl3t1tCWJFWoRz9R8WJCbQihKKwmorjAbSClcnxKAGw=
github.com/go-sql-driver/mysql v1.8.1 h1:LedoTUt/eveggdHS9qUFC1EFSa8bU2+1pZjSRpvNJ1Y=
github.com/go-sql-driver/mysql v1.8.1/go.mod h1:wEBSXgmK//2ZFJyE+qWnIsVGmvmEKlqwuVSjsCm7DZg=
github.com/nxadm/tail v1.4.11 h1:8feyoE3OzPrcshW5/MJ4sGESc5cqmGkGCWlco4l0bqY=
github.com/nxadm/tail v1.4.11/go.mod h1:OTaG3NK980DZzxbRq6lEuzgU+mug70nY11sMd4JXXHc=
github.com/onsi/ginkgo v1.16.5 h1:8xi0RTUf59SOSfEtZMvwTvXYMzG4gV23XVHOZiXNtnE=
github.com/onsi/ginkgo v1.16.5/go.mod h1:+E8gABHa3K6zRBolWtd+ROzc/U5bkGt0FwiG042wbpU=
github.com/onsi/gomega v1.19.0 h1:4ieX6qQjPP/BfC3mpsAtIGGlxTWPeA3Inl/7DtXw1tw=
github.com/onsi/gomega v1.19.0/go.mod h1:LY+I3pBVzYsTBU1AnDwOSxaYi9WoWiqgwooUqq9yPro=
github.com/serenize/snaker v0.0.0-20201027110005-a7ad2135616e h1:zWKUYT07mGmVBH+9UgnHXd/ekCK99C8EbDSAt5qsjXE=
github.com/serenize/snaker v0.0.0-20201027110005-a7ad2135616e/go.mod h1:Yow6lPLSAXx2ifx470yD/nUe22Dv5vBvxK/UK9UUTVs=
golang.org/x/net v0.29.0 h1:5ORfpBpCs4HzDYoodCDBbwHzdR5UrLBZ3sOnUJmFoHo=
golang.org/x/net v0.29.0/go.mod h1:gLkgy8jTGERgjzMic6DS9+SP0ajcu6Xu3Orq/SpETg0=
golang.org/x/sys v0.0.0-20220908164124-27713097b956/go.mod h1:oPkhp1MJrh7nUepCBck5+mAzfO9JrbApNNgaTdGDITg=
golang.org/x/sys v0.25.0 h1:r+8e+loiHxRqhXVl6ML1nO3l1+oFoWbnlu2Ehimmi34=
golang.org/x/sys v0.25.0/go.mod h1:/VUhepiaJMQUp4+oa/7Zr1D23ma6VTLIYjOOTFZPUcA=
golang.org/x/text v0.18.0 h1:XvMDiNzPAl0jr17s6W9lcaIhGUfUORdGCNsuLmPG224=
golang.org/x/text v0.18.0/go.mod h1:BuEKDfySbSR4drPmRPG/7iBdf8hvFMuRexcpahXilzY=
gopkg.in/check.v1 v0.0.0-20161208181325-20d25e280405/go.mod h1:Co6ibVJAznAaIkqp8huTwlJQCZ016jof/cbN4VW5Yz0=
gopkg.in/tomb.v1 v1.0.0-20141024135613-dd632973f1e7 h1:uRGJdciOHaEIrze2W8Q3AKkepLTh2hOroT7a+7czfdQ=
gopkg.in/tomb.v1 v1.0.0-20141024135613-dd632973f1e7/go.mod h1:dt/ZhP58zS4L8KSrWDmTeBkI65Dw0HsyUHuEVlX15mw=
gopkg.in/yaml.v2 v2.4.0 h1:D8xgwECY7CYvx+Y2n4sBz93Jn9JRvxdiyyo8CTfuKaY=
gopkg.in/yaml.v2 v2.4.0/go.mod h1:RDklbk79AGWmwhnvt/jBztapEOGDOx6ZbXqjP6csGnQ=
